{
  "name": "afv-library",
  "lockfileVersion": 3,
  "requires": true,
  "packages": {
    "": {
      "name": "afv-library",
      "devDependencies": {
        "@salesforce/webapp-template-app-react-sample-b2e-experimental": "*",
        "@salesforce/webapp-template-app-react-sample-b2x-experimental": "*"
      }
    },
    "node_modules/@salesforce/webapp-template-app-react-sample-b2e-experimental": {
      "version": "1.59.1",
      "resolved": "https://registry.npmjs.org/@salesforce/webapp-template-app-react-sample-b2e-experimental/-/webapp-template-app-react-sample-b2e-experimental-1.59.1.tgz",
      "integrity": "sha512-6B9TelJ2o2lh1gcgCOqJOtiQmuyM4Eb7BRqlfPTK/gag9MXNgfFr6WiBQRjlu9BwB+6NlBjzDq4PoH9kF2N34Q==",
      "dev": true
    },
    "node_modules/@salesforce/webapp-template-app-react-sample-b2x-experimental": {
      "version": "1.61.4",
      "resolved": "https://registry.npmjs.org/@salesforce/webapp-template-app-react-sample-b2x-experimental/-/webapp-template-app-react-sample-b2x-experimental-1.61.4.tgz",
      "integrity": "sha512-ry4U36CjJx9h7pv5R5q0tVQCHkEvEYm/4u/5Ysh3UqTz89s3B9o/GPb0JK9fZ2Mgt/DCd0zfPUm1oRlCplnhGQ==",
      "dev": true,
      "license": "SEE LICENSE IN LICENSE.txt"
    }
  }
}
